
Microsoft Visual Studio Solution File, Format Version 12.00
# Visual Studio Version 17
VisualStudioVersion = 17.5.002.0
MinimumVisualStudioVersion = 10.0.40219.1
Project("{9A19103F-16F7-4668-BE54-9A1E7A4F7556}") = "RentCalculator.Program", "RentCalculator.Program\RentCalculator.Program.csproj", "{C58CE115-E8EC-45DF-A09C-7739F2BEC80C}"
EndProject
Project("{9A19103F-16F7-4668-BE54-9A1E7A4F7556}") = "RentCalculator.UnitTests", "RentCalculator.UnitTests\RentCalculator.UnitTests.csproj", "{60616901-D3FF-4A71-A6A0-EB870EDD94E9}"
EndProject
Global
	GlobalSection(SolutionConfigurationPlatforms) = preSolution
		Debug|Any CPU = Debug|Any CPU
		Release|Any CPU = Release|Any CPU
	EndGlobalSection
	GlobalSection(ProjectConfigurationPlatforms) = postSolution
		{C58CE115-E8EC-45DF-A09C-7739F2BEC80C}.Debug|Any CPU.ActiveCfg = Debug|Any CPU
		{C58CE115-E8EC-45DF-A09C-7739F2BEC80C}.Debug|Any CPU.Build.0 = Debug|Any CPU
		{C58CE115-E8EC-45DF-A09C-7739F2BEC80C}.Release|Any CPU.ActiveCfg = Release|Any CPU
		{C58CE115-E8EC-45DF-A09C-7739F2BEC80C}.Release|Any CPU.Build.0 = Release|Any CPU
		{60616901-D3FF-4A71-A6A0-EB870EDD94E9}.Debug|Any CPU.ActiveCfg = Debug|Any CPU
		{60616901-D3FF-4A71-A6A0-EB870EDD94E9}.Debug|Any CPU.Build.0 = Debug|Any CPU
		{60616901-D3FF-4A71-A6A0-EB870EDD94E9}.Release|Any CPU.ActiveCfg = Release|Any CPU
		{60616901-D3FF-4A71-A6A0-EB870EDD94E9}.Release|Any CPU.Build.0 = Release|Any CPU
	EndGlobalSection
	GlobalSection(SolutionProperties) = preSolution
		HideSolutionNode = FALSE
	EndGlobalSection
	GlobalSection(ExtensibilityGlobals) = postSolution
		SolutionGuid = {FCAB929A-766B-45D1-AE4F-298E4D4EF9CC}
	EndGlobalSection
EndGlobal
